
Microsoft Visual Studio Solution File, Format Version 12.00
# Visual Studio Version 17
VisualStudioVersion = 17.11.35327.3
MinimumVisualStudioVersion = 10.0.40219.1
Project("{FAE04EC0-301F-11D3-BF4B-00C04F79EFBC}") = "ДЗ 15.1. Vegetable Shop. 1", "ДЗ 15.1. Vegetable Shop. 1\ДЗ 15.1. Vegetable Shop. 1.csproj", "{0287B28B-8BC0-4C38-B1A8-402FB7487726}"
EndProject
Global
	GlobalSection(SolutionConfigurationPlatforms) = preSolution
		Debug|Any CPU = Debug|Any CPU
		Release|Any CPU = Release|Any CPU
	EndGlobalSection
	GlobalSection(ProjectConfigurationPlatforms) = postSolution
		{0287B28B-8BC0-4C38-B1A8-402FB7487726}.Debug|Any CPU.ActiveCfg = Debug|Any CPU
		{0287B28B-8BC0-4C38-B1A8-402FB7487726}.Debug|Any CPU.Build.0 = Debug|Any CPU
		{0287B28B-8BC0-4C38-B1A8-402FB7487726}.Release|Any CPU.ActiveCfg = Release|Any CPU
		{0287B28B-8BC0-4C38-B1A8-402FB7487726}.Release|Any CPU.Build.0 = Release|Any CPU
	EndGlobalSection
	GlobalSection(SolutionProperties) = preSolution
		HideSolutionNode = FALSE
	EndGlobalSection
	GlobalSection(ExtensibilityGlobals) = postSolution
		SolutionGuid = {621A0DC8-9DB4-4CEE-90C0-836B3ED3BF05}
	EndGlobalSection
EndGlobal
